
Microsoft Visual Studio Solution File, Format Version 12.00
# Visual Studio Version 17
VisualStudioVersion = 17.13.35828.75 d17.13
MinimumVisualStudioVersion = 10.0.40219.1
Project("{FAE04EC0-301F-11D3-BF4B-00C04F79EFBC}") = "laba1_Selivanov_ISP233", "laba1_Selivanov_ISP233.csproj", "{182D6855-6DF7-4ACA-A9AB-CB14A15B0F91}"
EndProject
Global
	GlobalSection(SolutionConfigurationPlatforms) = preSolution
		Debug|Any CPU = Debug|Any CPU
		Release|Any CPU = Release|Any CPU
	EndGlobalSection
	GlobalSection(ProjectConfigurationPlatforms) = postSolution
		{182D6855-6DF7-4ACA-A9AB-CB14A15B0F91}.Debug|Any CPU.ActiveCfg = Debug|Any CPU
		{182D6855-6DF7-4ACA-A9AB-CB14A15B0F91}.Debug|Any CPU.Build.0 = Debug|Any CPU
		{182D6855-6DF7-4ACA-A9AB-CB14A15B0F91}.Release|Any CPU.ActiveCfg = Release|Any CPU
		{182D6855-6DF7-4ACA-A9AB-CB14A15B0F91}.Release|Any CPU.Build.0 = Release|Any CPU
	EndGlobalSection
	GlobalSection(SolutionProperties) = preSolution
		HideSolutionNode = FALSE
	EndGlobalSection
	GlobalSection(ExtensibilityGlobals) = postSolution
		SolutionGuid = {E757DD80-5511-4A1A-A3F3-816F39B5F36F}
	EndGlobalSection
EndGlobal
